
Microsoft Visual Studio Solution File, Format Version 12.00
# Visual Studio Version 17
VisualStudioVersion = 17.4.33122.133
MinimumVisualStudioVersion = 10.0.40219.1
Project("{FAE04EC0-301F-11D3-BF4B-00C04F79EFBC}") = "project-5", "project-5\project-5.csproj", "{701F43F3-C430-4072-8171-F1BD0AA7C019}"
EndProject
Global
	GlobalSection(SolutionConfigurationPlatforms) = preSolution
		Debug|Any CPU = Debug|Any CPU
		Release|Any CPU = Release|Any CPU
	EndGlobalSection
	GlobalSection(ProjectConfigurationPlatforms) = postSolution
		{701F43F3-C430-4072-8171-F1BD0AA7C019}.Debug|Any CPU.ActiveCfg = Debug|Any CPU
		{701F43F3-C430-4072-8171-F1BD0AA7C019}.Debug|Any CPU.Build.0 = Debug|Any CPU
		{701F43F3-C430-4072-8171-F1BD0AA7C019}.Release|Any CPU.ActiveCfg = Release|Any CPU
		{701F43F3-C430-4072-8171-F1BD0AA7C019}.Release|Any CPU.Build.0 = Release|Any CPU
	EndGlobalSection
	GlobalSection(SolutionProperties) = preSolution
		HideSolutionNode = FALSE
	EndGlobalSection
	GlobalSection(ExtensibilityGlobals) = postSolution
		SolutionGuid = {68B85A3E-C49B-457D-96DF-873027EF95F0}
	EndGlobalSection
EndGlobal
